// !$*UTF8*$!
{
	archiveVersion = 1;
	classes = {
	};
	objectVersion = 46;
	objects = {

/* Begin PBXBuildFile section */
		9D1F97AD1C42075100A83C6E /* p2sRegSaveViewController.swift in Sources */ = {isa = PBXBuildFile; fileRef = 9D1F97AC1C42075100A83C6E /* p2sRegSaveViewController.swift */; settings = {ASSET_TAGS = (); }; };
		9D1F97B01C42077300A83C6E /* p2sRegSaveCell.swift in Sources */ = {isa = PBXBuildFile; fileRef = 9D1F97AE1C42077300A83C6E /* p2sRegSaveCell.swift */; settings = {ASSET_TAGS = (); }; };
		9D1F97B11C42077300A83C6E /* p2sRegSaveCell.xib in Resources */ = {isa = PBXBuildFile; fileRef = 9D1F97AF1C42077300A83C6E /* p2sRegSaveCell.xib */; settings = {ASSET_TAGS = (); }; };
		9D1F97B31C42079F00A83C6E /* p2sRegSave.storyboard in Resources */ = {isa = PBXBuildFile; fileRef = 9D1F97B21C42079F00A83C6E /* p2sRegSave.storyboard */; settings = {ASSET_TAGS = (); }; };
		9DCCF0821C42C949006921AF /* p2sRegister.storyboard in Resources */ = {isa = PBXBuildFile; fileRef = 9DCCF07E1C42C949006921AF /* p2sRegister.storyboard */; settings = {ASSET_TAGS = (); }; };
		9DCCF0831C42C949006921AF /* p2sRegisterCell.swift in Sources */ = {isa = PBXBuildFile; fileRef = 9DCCF07F1C42C949006921AF /* p2sRegisterCell.swift */; settings = {ASSET_TAGS = (); }; };
		9DCCF0841C42C949006921AF /* p2sRegisterCell.xib in Resources */ = {isa = PBXBuildFile; fileRef = 9DCCF0801C42C949006921AF /* p2sRegisterCell.xib */; settings = {ASSET_TAGS = (); }; };
		9DCCF0851C42C949006921AF /* p2sRegisterViewController.swift in Sources */ = {isa = PBXBuildFile; fileRef = 9DCCF0811C42C949006921AF /* p2sRegisterViewController.swift */; settings = {ASSET_TAGS = (); }; };
		9DCCF0881C42CB91006921AF /* p2sLoginCell.swift in Sources */ = {isa = PBXBuildFile; fileRef = 9DCCF0861C42CB91006921AF /* p2sLoginCell.swift */; settings = {ASSET_TAGS = (); }; };
		9DCCF0891C42CB91006921AF /* p2sLoginCell.xib in Resources */ = {isa = PBXBuildFile; fileRef = 9DCCF0871C42CB91006921AF /* p2sLoginCell.xib */; settings = {ASSET_TAGS = (); }; };
		9DD0ADA51C458096008B60B1 /* Constants.swift in Sources */ = {isa = PBXBuildFile; fileRef = 9DD0ADA41C458096008B60B1 /* Constants.swift */; settings = {ASSET_TAGS = (); }; };
		9DD1C17B1C3E088700389567 /* AppDelegate.swift in Sources */ = {isa = PBXBuildFile; fileRef = 9DD1C17A1C3E088700389567 /* AppDelegate.swift */; };
		9DD1C17D1C3E088700389567 /* ViewController.swift in Sources */ = {isa = PBXBuildFile; fileRef = 9DD1C17C1C3E088700389567 /* ViewController.swift */; };
		9DD1C1801C3E088700389567 /* Main.storyboard in Resources */ = {isa = PBXBuildFile; fileRef = 9DD1C17E1C3E088700389567 /* Main.storyboard */; };
		9DD1C1821C3E088700389567 /* Assets.xcassets in Resources */ = {isa = PBXBuildFile; fileRef = 9DD1C1811C3E088700389567 /* Assets.xcassets */; };
		9DD1C1851C3E088700389567 /* LaunchScreen.storyboard in Resources */ = {isa = PBXBuildFile; fileRef = 9DD1C1831C3E088700389567 /* LaunchScreen.storyboard */; };
		9DD1C19B1C3E0A2900389567 /* default_person.gif in Resources */ = {isa = PBXBuildFile; fileRef = 9DD1C1911C3E0A2900389567 /* default_person.gif */; settings = {ASSET_TAGS = (); }; };
		9DD1C19C1C3E0A2900389567 /* home_page_launch_image.png in Resources */ = {isa = PBXBuildFile; fileRef = 9DD1C1921C3E0A2900389567 /* home_page_launch_image.png */; settings = {ASSET_TAGS = (); }; };
		9DD1C19D1C3E0A2900389567 /* p2s_action_bar_logo_small.png in Resources */ = {isa = PBXBuildFile; fileRef = 9DD1C1931C3E0A2900389567 /* p2s_action_bar_logo_small.png */; settings = {ASSET_TAGS = (); }; };
		9DD1C19E1C3E0A2900389567 /* p2s_action_bar_logo.png in Resources */ = {isa = PBXBuildFile; fileRef = 9DD1C1941C3E0A2900389567 /* p2s_action_bar_logo.png */; settings = {ASSET_TAGS = (); }; };
		9DD1C19F1C3E0A2900389567 /* p2s_login_page_logo.png in Resources */ = {isa = PBXBuildFile; fileRef = 9DD1C1951C3E0A2900389567 /* p2s_login_page_logo.png */; settings = {ASSET_TAGS = (); }; };
		9DD1C1A01C3E0A2900389567 /* star_blank.png in Resources */ = {isa = PBXBuildFile; fileRef = 9DD1C1961C3E0A2900389567 /* star_blank.png */; settings = {ASSET_TAGS = (); }; };
		9DD1C1A11C3E0A2900389567 /* star_yellow.png in Resources */ = {isa = PBXBuildFile; fileRef = 9DD1C1971C3E0A2900389567 /* star_yellow.png */; settings = {ASSET_TAGS = (); }; };
		9DD1C1A21C3E0A2900389567 /* thumbs_down_icon.png in Resources */ = {isa = PBXBuildFile; fileRef = 9DD1C1981C3E0A2900389567 /* thumbs_down_icon.png */; settings = {ASSET_TAGS = (); }; };
		9DD1C1A31C3E0A2900389567 /* thumbs_up_icon.png in Resources */ = {isa = PBXBuildFile; fileRef = 9DD1C1991C3E0A2900389567 /* thumbs_up_icon.png */; settings = {ASSET_TAGS = (); }; };
		9DD1C1A41C3E0A2900389567 /* upAndDown.png in Resources */ = {isa = PBXBuildFile; fileRef = 9DD1C19A1C3E0A2900389567 /* upAndDown.png */; settings = {ASSET_TAGS = (); }; };
		9DD1C1A61C3E15CC00389567 /* ColorsHelper.swift in Sources */ = {isa = PBXBuildFile; fileRef = 9DD1C1A51C3E15CC00389567 /* ColorsHelper.swift */; settings = {ASSET_TAGS = (); }; };
		9DD390B81C3F5A890052DE2D /* MessageUI.framework in Frameworks */ = {isa = PBXBuildFile; fileRef = 9DD390B71C3F5A890052DE2D /* MessageUI.framework */; };
		9DD390BB1C3F5A980052DE2D /* p2sSettings.storyboard in Resources */ = {isa = PBXBuildFile; fileRef = 9DD390B91C3F5A980052DE2D /* p2sSettings.storyboard */; settings = {ASSET_TAGS = (); }; };
		9DD390BC1C3F5A980052DE2D /* p2sSettingsViewController.swift in Sources */ = {isa = PBXBuildFile; fileRef = 9DD390BA1C3F5A980052DE2D /* p2sSettingsViewController.swift */; settings = {ASSET_TAGS = (); }; };
		9DD390BF1C3F5B5F0052DE2D /* AlertsHelper.swift in Sources */ = {isa = PBXBuildFile; fileRef = 9DD390BD1C3F5B5F0052DE2D /* AlertsHelper.swift */; settings = {ASSET_TAGS = (); }; };
		9DD390C01C3F5B5F0052DE2D /* EmailsHelper.swift in Sources */ = {isa = PBXBuildFile; fileRef = 9DD390BE1C3F5B5F0052DE2D /* EmailsHelper.swift */; settings = {ASSET_TAGS = (); }; };
		9DD4845F1C40866C003EB57A /* p2sLogin.storyboard in Resources */ = {isa = PBXBuildFile; fileRef = 9DD4845D1C40866C003EB57A /* p2sLogin.storyboard */; settings = {ASSET_TAGS = (); }; };
		9DD484601C40866C003EB57A /* p2sLoginViewController.swift in Sources */ = {isa = PBXBuildFile; fileRef = 9DD4845E1C40866C003EB57A /* p2sLoginViewController.swift */; settings = {ASSET_TAGS = (); }; };
		9DD484661C4086D2003EB57A /* CommonDataObject.swift in Sources */ = {isa = PBXBuildFile; fileRef = 9DD484611C4086D2003EB57A /* CommonDataObject.swift */; settings = {ASSET_TAGS = (); }; };
		9DD484671C4086D2003EB57A /* CurrentUserObject.swift in Sources */ = {isa = PBXBuildFile; fileRef = 9DD484621C4086D2003EB57A /* CurrentUserObject.swift */; settings = {ASSET_TAGS = (); }; };
		9DD484681C4086D2003EB57A /* JsonLinks.swift in Sources */ = {isa = PBXBuildFile; fileRef = 9DD484631C4086D2003EB57A /* JsonLinks.swift */; settings = {ASSET_TAGS = (); }; };
		9DD484691C4086D2003EB57A /* LogoImageObject.swift in Sources */ = {isa = PBXBuildFile; fileRef = 9DD484641C4086D2003EB57A /* LogoImageObject.swift */; settings = {ASSET_TAGS = (); }; };
		9DD4846A1C4086D2003EB57A /* StaticData.swift in Sources */ = {isa = PBXBuildFile; fileRef = 9DD484651C4086D2003EB57A /* StaticData.swift */; settings = {ASSET_TAGS = (); }; };
/* End PBXBuildFile section */

/* Begin PBXFileReference section */
		9D1F97AC1C42075100A83C6E /* p2sRegSaveViewController.swift */ = {isa = PBXFileReference; fileEncoding = 4; lastKnownFileType = sourcecode.swift; name = p2sRegSaveViewController.swift; path = Controllers/p2sRegSaveViewController.swift; sourceTree = "<group>"; };
		9D1F97AE1C42077300A83C6E /* p2sRegSaveCell.swift */ = {isa = PBXFileReference; fileEncoding = 4; lastKnownFileType = sourcecode.swift; name = p2sRegSaveCell.swift; path = Controllers/p2sRegSaveCell.swift; sourceTree = "<group>"; };
		9D1F97AF1C42077300A83C6E /* p2sRegSaveCell.xib */ = {isa = PBXFileReference; fileEncoding = 4; lastKnownFileType = file.xib; name = p2sRegSaveCell.xib; path = Controllers/p2sRegSaveCell.xib; sourceTree = "<group>"; };
		9D1F97B21C42079F00A83C6E /* p2sRegSave.storyboard */ = {isa = PBXFileReference; fileEncoding = 4; lastKnownFileType = file.storyboard; name = p2sRegSave.storyboard; path = Controllers/p2sRegSave.storyboard; sourceTree = "<group>"; };
		9DCCF07E1C42C949006921AF /* p2sRegister.storyboard */ = {isa = PBXFileReference; fileEncoding = 4; lastKnownFileType = file.storyboard; name = p2sRegister.storyboard; path = Controllers/p2sRegister.storyboard; sourceTree = "<group>"; };
		9DCCF07F1C42C949006921AF /* p2sRegisterCell.swift */ = {isa = PBXFileReference; fileEncoding = 4; lastKnownFileType = sourcecode.swift; name = p2sRegisterCell.swift; path = Controllers/p2sRegisterCell.swift; sourceTree = "<group>"; };
		9DCCF0801C42C949006921AF /* p2sRegisterCell.xib */ = {isa = PBXFileReference; fileEncoding = 4; lastKnownFileType = file.xib; name = p2sRegisterCell.xib; path = Controllers/p2sRegisterCell.xib; sourceTree = "<group>"; };
		9DCCF0811C42C949006921AF /* p2sRegisterViewController.swift */ = {isa = PBXFileReference; fileEncoding = 4; lastKnownFileType = sourcecode.swift; name = p2sRegisterViewController.swift; path = Controllers/p2sRegisterViewController.swift; sourceTree = "<group>"; };
		9DCCF0861C42CB91006921AF /* p2sLoginCell.swift */ = {isa = PBXFileReference; fileEncoding = 4; lastKnownFileType = sourcecode.swift; name = p2sLoginCell.swift; path = Controllers/p2sLoginCell.swift; sourceTree = "<group>"; };
		9DCCF0871C42CB91006921AF /* p2sLoginCell.xib */ = {isa = PBXFileReference; fileEncoding = 4; lastKnownFileType = file.xib; name = p2sLoginCell.xib; path = Controllers/p2sLoginCell.xib; sourceTree = "<group>"; };
		9DD0ADA41C458096008B60B1 /* Constants.swift */ = {isa = PBXFileReference; fileEncoding = 4; lastKnownFileType = sourcecode.swift; name = Constants.swift; path = Data/Constants.swift; sourceTree = "<group>"; };
		9DD1C1771C3E088700389567 /* P2S4.app */ = {isa = PBXFileReference; explicitFileType = wrapper.application; includeInIndex = 0; path = P2S4.app; sourceTree = BUILT_PRODUCTS_DIR; };
		9DD1C17A1C3E088700389567 /* AppDelegate.swift */ = {isa = PBXFileReference; lastKnownFileType = sourcecode.swift; path = AppDelegate.swift; sourceTree = "<group>"; };
		9DD1C17C1C3E088700389567 /* ViewController.swift */ = {isa = PBXFileReference; lastKnownFileType = sourcecode.swift; path = ViewController.swift; sourceTree = "<group>"; };
		9DD1C17F1C3E088700389567 /* Base */ = {isa = PBXFileReference; lastKnownFileType = file.storyboard; name = Base; path = Base.lproj/Main.storyboard; sourceTree = "<group>"; };
		9DD1C1811C3E088700389567 /* Assets.xcassets */ = {isa = PBXFileReference; lastKnownFileType = folder.assetcatalog; path = Assets.xcassets; sourceTree = "<group>"; };
		9DD1C1841C3E088700389567 /* Base */ = {isa = PBXFileReference; lastKnownFileType = file.storyboard; name = Base; path = Base.lproj/LaunchScreen.storyboard; sourceTree = "<group>"; };
		9DD1C1861C3E088700389567 /* Info.plist */ = {isa = PBXFileReference; lastKnownFileType = text.plist.xml; path = Info.plist; sourceTree = "<group>"; };
		9DD1C1911C3E0A2900389567 /* default_person.gif */ = {isa = PBXFileReference; lastKnownFileType = image.gif; name = default_person.gif; path = Images/default_person.gif; sourceTree = "<group>"; };
		9DD1C1921C3E0A2900389567 /* home_page_launch_image.png */ = {isa = PBXFileReference; lastKnownFileType = image.png; name = home_page_launch_image.png; path = Images/home_page_launch_image.png; sourceTree = "<group>"; };
		9DD1C1931C3E0A2900389567 /* p2s_action_bar_logo_small.png */ = {isa = PBXFileReference; lastKnownFileType = image.png; name = p2s_action_bar_logo_small.png; path = Images/p2s_action_bar_logo_small.png; sourceTree = "<group>"; };
		9DD1C1941C3E0A2900389567 /* p2s_action_bar_logo.png */ = {isa = PBXFileReference; lastKnownFileType = image.png; name = p2s_action_bar_logo.png; path = Images/p2s_action_bar_logo.png; sourceTree = "<group>"; };
		9DD1C1951C3E0A2900389567 /* p2s_login_page_logo.png */ = {isa = PBXFileReference; lastKnownFileType = image.png; name = p2s_login_page_logo.png; path = Images/p2s_login_page_logo.png; sourceTree = "<group>"; };
		9DD1C1961C3E0A2900389567 /* star_blank.png */ = {isa = PBXFileReference; lastKnownFileType = image.png; name = star_blank.png; path = Images/star_blank.png; sourceTree = "<group>"; };
		9DD1C1971C3E0A2900389567 /* star_yellow.png */ = {isa = PBXFileReference; lastKnownFileType = image.png; name = star_yellow.png; path = Images/star_yellow.png; sourceTree = "<group>"; };
		9DD1C1981C3E0A2900389567 /* thumbs_down_icon.png */ = {isa = PBXFileReference; lastKnownFileType = image.png; name = thumbs_down_icon.png; path = Images/thumbs_down_icon.png; sourceTree = "<group>"; };
		9DD1C1991C3E0A2900389567 /* thumbs_up_icon.png */ = {isa = PBXFileReference; lastKnownFileType = image.png; name = thumbs_up_icon.png; path = Images/thumbs_up_icon.png; sourceTree = "<group>"; };
		9DD1C19A1C3E0A2900389567 /* upAndDown.png */ = {isa = PBXFileReference; lastKnownFileType = image.png; name = upAndDown.png; path = Images/upAndDown.png; sourceTree = "<group>"; };
		9DD1C1A51C3E15CC00389567 /* ColorsHelper.swift */ = {isa = PBXFileReference; fileEncoding = 4; lastKnownFileType = sourcecode.swift; name = ColorsHelper.swift; path = Helpers/ColorsHelper.swift; sourceTree = "<group>"; };
		9DD390B71C3F5A890052DE2D /* MessageUI.framework */ = {isa = PBXFileReference; lastKnownFileType = wrapper.framework; name = MessageUI.framework; path = System/Library/Frameworks/MessageUI.framework; sourceTree = SDKROOT; };
		9DD390B91C3F5A980052DE2D /* p2sSettings.storyboard */ = {isa = PBXFileReference; fileEncoding = 4; lastKnownFileType = file.storyboard; name = p2sSettings.storyboard; path = Controllers/p2sSettings.storyboard; sourceTree = "<group>"; };
		9DD390BA1C3F5A980052DE2D /* p2sSettingsViewController.swift */ = {isa = PBXFileReference; fileEncoding = 4; lastKnownFileType = sourcecode.swift; name = p2sSettingsViewController.swift; path = Controllers/p2sSettingsViewController.swift; sourceTree = "<group>"; };
		9DD390BD1C3F5B5F0052DE2D /* AlertsHelper.swift */ = {isa = PBXFileReference; fileEncoding = 4; lastKnownFileType = sourcecode.swift; name = AlertsHelper.swift; path = Helpers/AlertsHelper.swift; sourceTree = "<group>"; };
		9DD390BE1C3F5B5F0052DE2D /* EmailsHelper.swift */ = {isa = PBXFileReference; fileEncoding = 4; lastKnownFileType = sourcecode.swift; name = EmailsHelper.swift; path = Helpers/EmailsHelper.swift; sourceTree = "<group>"; };
		9DD4845D1C40866C003EB57A /* p2sLogin.storyboard */ = {isa = PBXFileReference; fileEncoding = 4; lastKnownFileType = file.storyboard; name = p2sLogin.storyboard; path = Controllers/p2sLogin.storyboard; sourceTree = "<group>"; };
		9DD4845E1C40866C003EB57A /* p2sLoginViewController.swift */ = {isa = PBXFileReference; fileEncoding = 4; lastKnownFileType = sourcecode.swift; name = p2sLoginViewController.swift; path = Controllers/p2sLoginViewController.swift; sourceTree = "<group>"; };
		9DD484611C4086D2003EB57A /* CommonDataObject.swift */ = {isa = PBXFileReference; fileEncoding = 4; lastKnownFileType = sourcecode.swift; name = CommonDataObject.swift; path = Data/CommonDataObject.swift; sourceTree = "<group>"; };
		9DD484621C4086D2003EB57A /* CurrentUserObject.swift */ = {isa = PBXFileReference; fileEncoding = 4; lastKnownFileType = sourcecode.swift; name = CurrentUserObject.swift; path = Data/CurrentUserObject.swift; sourceTree = "<group>"; };
		9DD484631C4086D2003EB57A /* JsonLinks.swift */ = {isa = PBXFileReference; fileEncoding = 4; lastKnownFileType = sourcecode.swift; name = JsonLinks.swift; path = Data/JsonLinks.swift; sourceTree = "<group>"; };
		9DD484641C4086D2003EB57A /* LogoImageObject.swift */ = {isa = PBXFileReference; fileEncoding = 4; lastKnownFileType = sourcecode.swift; name = LogoImageObject.swift; path = Data/LogoImageObject.swift; sourceTree = "<group>"; };
		9DD484651C4086D2003EB57A /* StaticData.swift */ = {isa = PBXFileReference; fileEncoding = 4; lastKnownFileType = sourcecode.swift; name = StaticData.swift; path = Data/StaticData.swift; sourceTree = "<group>"; };
/* End PBXFileReference section */

/* Begin PBXFrameworksBuildPhase section */
		9DD1C1741C3E088700389567 /* Frameworks */ = {
			isa = PBXFrameworksBuildPhase;
			buildActionMask = 2147483647;
			files = (
				9DD390B81C3F5A890052DE2D /* MessageUI.framework in Frameworks */,
			);
			runOnlyForDeploymentPostprocessing = 0;
		};
/* End PBXFrameworksBuildPhase section */

/* Begin PBXGroup section */
		9DD1C16E1C3E088700389567 = {
			isa = PBXGroup;
			children = (
				9DD390B71C3F5A890052DE2D /* MessageUI.framework */,
				9DD1C1791C3E088700389567 /* P2S4 */,
				9DD1C1781C3E088700389567 /* Products */,
			);
			sourceTree = "<group>";
		};
		9DD1C1781C3E088700389567 /* Products */ = {
			isa = PBXGroup;
			children = (
				9DD1C1771C3E088700389567 /* P2S4.app */,
			);
			name = Products;
			sourceTree = "<group>";
		};
		9DD1C1791C3E088700389567 /* P2S4 */ = {
			isa = PBXGroup;
			children = (
				9DD1C17A1C3E088700389567 /* AppDelegate.swift */,
				9DD1C17C1C3E088700389567 /* ViewController.swift */,
				9DD1C17E1C3E088700389567 /* Main.storyboard */,
				9DD1C18D1C3E09EB00389567 /* Controllers */,
				9DD1C18F1C3E09F900389567 /* UI */,
				9DD1C1901C3E09FE00389567 /* Helpers */,
				9DD1C18E1C3E09F200389567 /* Data */,
				9DD1C18C1C3E09E300389567 /* Images */,
				9DD1C1811C3E088700389567 /* Assets.xcassets */,
				9DD1C1831C3E088700389567 /* LaunchScreen.storyboard */,
				9DD1C1861C3E088700389567 /* Info.plist */,
			);
			path = P2S4;
			sourceTree = "<group>";
		};
		9DD1C18C1C3E09E300389567 /* Images */ = {
			isa = PBXGroup;
			children = (
				9DD1C1911C3E0A2900389567 /* default_person.gif */,
				9DD1C1921C3E0A2900389567 /* home_page_launch_image.png */,
				9DD1C1931C3E0A2900389567 /* p2s_action_bar_logo_small.png */,
				9DD1C1941C3E0A2900389567 /* p2s_action_bar_logo.png */,
				9DD1C1951C3E0A2900389567 /* p2s_login_page_logo.png */,
				9DD1C1961C3E0A2900389567 /* star_blank.png */,
				9DD1C1971C3E0A2900389567 /* star_yellow.png */,
				9DD1C1981C3E0A2900389567 /* thumbs_down_icon.png */,
				9DD1C1991C3E0A2900389567 /* thumbs_up_icon.png */,
				9DD1C19A1C3E0A2900389567 /* upAndDown.png */,
			);
			name = Images;
			sourceTree = "<group>";
		};
		9DD1C18D1C3E09EB00389567 /* Controllers */ = {
			isa = PBXGroup;
			children = (
				9DD390BA1C3F5A980052DE2D /* p2sSettingsViewController.swift */,
				9DD390B91C3F5A980052DE2D /* p2sSettings.storyboard */,
				9DD4845E1C40866C003EB57A /* p2sLoginViewController.swift */,
				9DD4845D1C40866C003EB57A /* p2sLogin.storyboard */,
				9DCCF0861C42CB91006921AF /* p2sLoginCell.swift */,
				9DCCF0871C42CB91006921AF /* p2sLoginCell.xib */,
				9DCCF0811C42C949006921AF /* p2sRegisterViewController.swift */,
				9DCCF07E1C42C949006921AF /* p2sRegister.storyboard */,
				9DCCF07F1C42C949006921AF /* p2sRegisterCell.swift */,
				9DCCF0801C42C949006921AF /* p2sRegisterCell.xib */,
				9D1F97AC1C42075100A83C6E /* p2sRegSaveViewController.swift */,
				9D1F97B21C42079F00A83C6E /* p2sRegSave.storyboard */,
				9D1F97AE1C42077300A83C6E /* p2sRegSaveCell.swift */,
				9D1F97AF1C42077300A83C6E /* p2sRegSaveCell.xib */,
			);
			name = Controllers;
			sourceTree = "<group>";
		};
		9DD1C18E1C3E09F200389567 /* Data */ = {
			isa = PBXGroup;
			children = (
				9DD484611C4086D2003EB57A /* CommonDataObject.swift */,
				9DD484621C4086D2003EB57A /* CurrentUserObject.swift */,
				9DD484631C4086D2003EB57A /* JsonLinks.swift */,
				9DD484641C4086D2003EB57A /* LogoImageObject.swift */,
				9DD484651C4086D2003EB57A /* StaticData.swift */,
				9DD0ADA41C458096008B60B1 /* Constants.swift */,
			);
			name = Data;
			sourceTree = "<group>";
		};
		9DD1C18F1C3E09F900389567 /* UI */ = {
			isa = PBXGroup;
			children = (
			);
			name = UI;
			sourceTree = "<group>";
		};
		9DD1C1901C3E09FE00389567 /* Helpers */ = {
			isa = PBXGroup;
			children = (
				9DD390BD1C3F5B5F0052DE2D /* AlertsHelper.swift */,
				9DD390BE1C3F5B5F0052DE2D /* EmailsHelper.swift */,
				9DD1C1A51C3E15CC00389567 /* ColorsHelper.swift */,
			);
			name = Helpers;
			sourceTree = "<group>";
		};
/* End PBXGroup section */

/* Begin PBXNativeTarget section */
		9DD1C1761C3E088700389567 /* P2S4 */ = {
			isa = PBXNativeTarget;
			buildConfigurationList = 9DD1C1891C3E088700389567 /* Build configuration list for PBXNativeTarget "P2S4" */;
			buildPhases = (
				9DD1C1731C3E088700389567 /* Sources */,
				9DD1C1741C3E088700389567 /* Frameworks */,
				9DD1C1751C3E088700389567 /* Resources */,
			);
			buildRules = (
			);
			dependencies = (
			);
			name = P2S4;
			productName = P2S4;
			productReference = 9DD1C1771C3E088700389567 /* P2S4.app */;
			productType = "com.apple.product-type.application";
		};
/* End PBXNativeTarget section */

/* Begin PBXProject section */
		9DD1C16F1C3E088700389567 /* Project object */ = {
			isa = PBXProject;
			attributes = {
				LastUpgradeCheck = 0700;
				ORGANIZATIONNAME = HomeOffice;
				TargetAttributes = {
					9DD1C1761C3E088700389567 = {
						CreatedOnToolsVersion = 7.0.1;
					};
				};
			};
			buildConfigurationList = 9DD1C1721C3E088700389567 /* Build configuration list for PBXProject "P2S4" */;
			compatibilityVersion = "Xcode 3.2";
			developmentRegion = English;
			hasScannedForEncodings = 0;
			knownRegions = (
				en,
				Base,
			);
			mainGroup = 9DD1C16E1C3E088700389567;
			productRefGroup = 9DD1C1781C3E088700389567 /* Products */;
			projectDirPath = "";
			projectRoot = "";
			targets = (
				9DD1C1761C3E088700389567 /* P2S4 */,
			);
		};
/* End PBXProject section */

/* Begin PBXResourcesBuildPhase section */
		9DD1C1751C3E088700389567 /* Resources */ = {
			isa = PBXResourcesBuildPhase;
			buildActionMask = 2147483647;
			files = (
				9DD1C1851C3E088700389567 /* LaunchScreen.storyboard in Resources */,
				9DD1C1A11C3E0A2900389567 /* star_yellow.png in Resources */,
				9DCCF0841C42C949006921AF /* p2sRegisterCell.xib in Resources */,
				9DCCF0891C42CB91006921AF /* p2sLoginCell.xib in Resources */,
				9DD1C19B1C3E0A2900389567 /* default_person.gif in Resources */,
				9DD1C1A21C3E0A2900389567 /* thumbs_down_icon.png in Resources */,
				9DD1C1A41C3E0A2900389567 /* upAndDown.png in Resources */,
				9DD1C1A01C3E0A2900389567 /* star_blank.png in Resources */,
				9DD1C1821C3E088700389567 /* Assets.xcassets in Resources */,
				9DD1C19F1C3E0A2900389567 /* p2s_login_page_logo.png in Resources */,
				9DD1C19C1C3E0A2900389567 /* home_page_launch_image.png in Resources */,
				9DD1C1A31C3E0A2900389567 /* thumbs_up_icon.png in Resources */,
				9D1F97B11C42077300A83C6E /* p2sRegSaveCell.xib in Resources */,
				9D1F97B31C42079F00A83C6E /* p2sRegSave.storyboard in Resources */,
				9DD1C19D1C3E0A2900389567 /* p2s_action_bar_logo_small.png in Resources */,
				9DCCF0821C42C949006921AF /* p2sRegister.storyboard in Resources */,
				9DD390BB1C3F5A980052DE2D /* p2sSettings.storyboard in Resources */,
				9DD1C1801C3E088700389567 /* Main.storyboard in Resources */,
				9DD1C19E1C3E0A2900389567 /* p2s_action_bar_logo.png in Resources */,
				9DD4845F1C40866C003EB57A /* p2sLogin.storyboard in Resources */,
			);
			runOnlyForDeploymentPostprocessing = 0;
		};
/* End PBXResourcesBuildPhase section */

/* Begin PBXSourcesBuildPhase section */
		9DD1C1731C3E088700389567 /* Sources */ = {
			isa = PBXSourcesBuildPhase;
			buildActionMask = 2147483647;
			files = (
				9DD390C01C3F5B5F0052DE2D /* EmailsHelper.swift in Sources */,
				9D1F97B01C42077300A83C6E /* p2sRegSaveCell.swift in Sources */,
				9DD484671C4086D2003EB57A /* CurrentUserObject.swift in Sources */,
				9DCCF0851C42C949006921AF /* p2sRegisterViewController.swift in Sources */,
				9DD390BF1C3F5B5F0052DE2D /* AlertsHelper.swift in Sources */,
				9DD1C17D1C3E088700389567 /* ViewController.swift in Sources */,
				9DD484661C4086D2003EB57A /* CommonDataObject.swift in Sources */,
				9DD4846A1C4086D2003EB57A /* StaticData.swift in Sources */,
				9DCCF0881C42CB91006921AF /* p2sLoginCell.swift in Sources */,
				9DD1C17B1C3E088700389567 /* AppDelegate.swift in Sources */,
				9DD1C1A61C3E15CC00389567 /* ColorsHelper.swift in Sources */,
				9D1F97AD1C42075100A83C6E /* p2sRegSaveViewController.swift in Sources */,
				9DD484681C4086D2003EB57A /* JsonLinks.swift in Sources */,
				9DD390BC1C3F5A980052DE2D /* p2sSettingsViewController.swift in Sources */,
				9DD484601C40866C003EB57A /* p2sLoginViewController.swift in Sources */,
				9DCCF0831C42C949006921AF /* p2sRegisterCell.swift in Sources */,
				9DD484691C4086D2003EB57A /* LogoImageObject.swift in Sources */,
				9DD0ADA51C458096008B60B1 /* Constants.swift in Sources */,
			);
			runOnlyForDeploymentPostprocessing = 0;
		};
/* End PBXSourcesBuildPhase section */

/* Begin PBXVariantGroup section */
		9DD1C17E1C3E088700389567 /* Main.storyboard */ = {
			isa = PBXVariantGroup;
			children = (
				9DD1C17F1C3E088700389567 /* Base */,
			);
			name = Main.storyboard;
			sourceTree = "<group>";
		};
		9DD1C1831C3E088700389567 /* LaunchScreen.storyboard */ = {
			isa = PBXVariantGroup;
			children = (
				9DD1C1841C3E088700389567 /* Base */,
			);
			name = LaunchScreen.storyboard;
			sourceTree = "<group>";
		};
/* End PBXVariantGroup section */

/* Begin XCBuildConfiguration section */
		9DD1C1871C3E088700389567 /* Debug */ = {
			isa = XCBuildConfiguration;
			buildSettings = {
				ALWAYS_SEARCH_USER_PATHS = NO;
				CLANG_CXX_LANGUAGE_STANDARD = "gnu++0x";
				CLANG_CXX_LIBRARY = "libc++";
				CLANG_ENABLE_MODULES = YES;
				CLANG_ENABLE_OBJC_ARC = YES;
				CLANG_WARN_BOOL_CONVERSION = YES;
				CLANG_WARN_CONSTANT_CONVERSION = YES;
				CLANG_WARN_DIRECT_OBJC_ISA_USAGE = YES_ERROR;
				CLANG_WARN_EMPTY_BODY = YES;
				CLANG_WARN_ENUM_CONVERSION = YES;
				CLANG_WARN_INT_CONVERSION = YES;
				CLANG_WARN_OBJC_ROOT_CLASS = YES_ERROR;
				CLANG_WARN_UNREACHABLE_CODE = YES;
				CLANG_WARN__DUPLICATE_METHOD_MATCH = YES;
				"CODE_SIGN_IDENTITY[sdk=iphoneos*]" = "iPhone Developer";
				COPY_PHASE_STRIP = NO;
				DEBUG_INFORMATION_FORMAT = dwarf;
				ENABLE_STRICT_OBJC_MSGSEND = YES;
				ENABLE_TESTABILITY = YES;
				GCC_C_LANGUAGE_STANDARD = gnu99;
				GCC_DYNAMIC_NO_PIC = NO;
				GCC_NO_COMMON_BLOCKS = YES;
				GCC_OPTIMIZATION_LEVEL = 0;
				GCC_PREPROCESSOR_DEFINITIONS = (
					"DEBUG=1",
					"$(inherited)",
				);
				GCC_WARN_64_TO_32_BIT_CONVERSION = YES;
				GCC_WARN_ABOUT_RETURN_TYPE = YES_ERROR;
				GCC_WARN_UNDECLARED_SELECTOR = YES;
				GCC_WARN_UNINITIALIZED_AUTOS = YES_AGGRESSIVE;
				GCC_WARN_UNUSED_FUNCTION = YES;
				GCC_WARN_UNUSED_VARIABLE = YES;
				IPHONEOS_DEPLOYMENT_TARGET = 9.0;
				MTL_ENABLE_DEBUG_INFO = YES;
				ONLY_ACTIVE_ARCH = YES;
				SDKROOT = iphoneos;
				SWIFT_OPTIMIZATION_LEVEL = "-Onone";
			};
			name = Debug;
		};
		9DD1C1881C3E088700389567 /* Release */ = {
			isa = XCBuildConfiguration;
			buildSettings = {
				ALWAYS_SEARCH_USER_PATHS = NO;
				CLANG_CXX_LANGUAGE_STANDARD = "gnu++0x";
				CLANG_CXX_LIBRARY = "libc++";
				CLANG_ENABLE_MODULES = YES;
				CLANG_ENABLE_OBJC_ARC = YES;
				CLANG_WARN_BOOL_CONVERSION = YES;
				CLANG_WARN_CONSTANT_CONVERSION = YES;
				CLANG_WARN_DIRECT_OBJC_ISA_USAGE = YES_ERROR;
				CLANG_WARN_EMPTY_BODY = YES;
				CLANG_WARN_ENUM_CONVERSION = YES;
				CLANG_WARN_INT_CONVERSION = YES;
				CLANG_WARN_OBJC_ROOT_CLASS = YES_ERROR;
				CLANG_WARN_UNREACHABLE_CODE = YES;
				CLANG_WARN__DUPLICATE_METHOD_MATCH = YES;
				"CODE_SIGN_IDENTITY[sdk=iphoneos*]" = "iPhone Developer";
				COPY_PHASE_STRIP = NO;
				DEBUG_INFORMATION_FORMAT = "dwarf-with-dsym";
				ENABLE_NS_ASSERTIONS = NO;
				ENABLE_STRICT_OBJC_MSGSEND = YES;
				GCC_C_LANGUAGE_STANDARD = gnu99;
				GCC_NO_COMMON_BLOCKS = YES;
				GCC_WARN_64_TO_32_BIT_CONVERSION = YES;
				GCC_WARN_ABOUT_RETURN_TYPE = YES_ERROR;
				GCC_WARN_UNDECLARED_SELECTOR = YES;
				GCC_WARN_UNINITIALIZED_AUTOS = YES_AGGRESSIVE;
				GCC_WARN_UNUSED_FUNCTION = YES;
				GCC_WARN_UNUSED_VARIABLE = YES;
				IPHONEOS_DEPLOYMENT_TARGET = 9.0;
				MTL_ENABLE_DEBUG_INFO = NO;
				SDKROOT = iphoneos;
				VALIDATE_PRODUCT = YES;
			};
			name = Release;
		};
		9DD1C18A1C3E088700389567 /* Debug */ = {
			isa = XCBuildConfiguration;
			buildSettings = {
				ASSETCATALOG_COMPILER_APPICON_NAME = AppIcon;
				INFOPLIST_FILE = P2S4/Info.plist;
				IPHONEOS_DEPLOYMENT_TARGET = 8.4;
				LD_RUNPATH_SEARCH_PATHS = "$(inherited) @executable_path/Frameworks";
				PRODUCT_BUNDLE_IDENTIFIER = HomeOffice.P2S4;
				PRODUCT_NAME = "$(TARGET_NAME)";
			};
			name = Debug;
		};
		9DD1C18B1C3E088700389567 /* Release */ = {
			isa = XCBuildConfiguration;
			buildSettings = {
				ASSETCATALOG_COMPILER_APPICON_NAME = AppIcon;
				INFOPLIST_FILE = P2S4/Info.plist;
				IPHONEOS_DEPLOYMENT_TARGET = 8.4;
				LD_RUNPATH_SEARCH_PATHS = "$(inherited) @executable_path/Frameworks";
				PRODUCT_BUNDLE_IDENTIFIER = HomeOffice.P2S4;
				PRODUCT_NAME = "$(TARGET_NAME)";
			};
			name = Release;
		};
/* End XCBuildConfiguration section */

/* Begin XCConfigurationList section */
		9DD1C1721C3E088700389567 /* Build configuration list for PBXProject "P2S4" */ = {
			isa = XCConfigurationList;
			buildConfigurations = (
				9DD1C1871C3E088700389567 /* Debug */,
				9DD1C1881C3E088700389567 /* Release */,
			);
			defaultConfigurationIsVisible = 0;
			defaultConfigurationName = Release;
		};
		9DD1C1891C3E088700389567 /* Build configuration list for PBXNativeTarget "P2S4" */ = {
			isa = XCConfigurationList;
			buildConfigurations = (
				9DD1C18A1C3E088700389567 /* Debug */,
				9DD1C18B1C3E088700389567 /* Release */,
			);
			defaultConfigurationIsVisible = 0;
			defaultConfigurationName = Release;
		};
/* End XCConfigurationList section */
	};
	rootObject = 9DD1C16F1C3E088700389567 /* Project object */;
}
